
Microsoft Visual Studio Solution File, Format Version 12.00
# Visual Studio Version 17
VisualStudioVersion = 17.3.32901.215
MinimumVisualStudioVersion = 10.0.40219.1
Project("{888888A0-9F3D-457C-B088-3A5042F75D52}") = "Movie Recommender System", "Movie Recommender System.pyproj", "{D473CF31-355B-412A-9ADD-7844EE20D2B7}"
EndProject
Global
	GlobalSection(SolutionConfigurationPlatforms) = preSolution
		Debug|Any CPU = Debug|Any CPU
		Release|Any CPU = Release|Any CPU
	EndGlobalSection
	GlobalSection(ProjectConfigurationPlatforms) = postSolution
		{D473CF31-355B-412A-9ADD-7844EE20D2B7}.Debug|Any CPU.ActiveCfg = Debug|Any CPU
		{D473CF31-355B-412A-9ADD-7844EE20D2B7}.Release|Any CPU.ActiveCfg = Release|Any CPU
	EndGlobalSection
	GlobalSection(SolutionProperties) = preSolution
		HideSolutionNode = FALSE
	EndGlobalSection
	GlobalSection(ExtensibilityGlobals) = postSolution
		SolutionGuid = {120EBC54-E80D-4B37-9B7C-89DCAE83DBC3}
	EndGlobalSection
EndGlobal
